dependencies:
  espressif/cmake_utilities:
    component_hash: 05165f30922b422b4b90c08845e6d449329b97370fbd06309803d8cb539d79e3
    dependencies:
    - name: idf
      require: private
      version: '>=4.1'
    source:
      registry_url: https://components.espressif.com/
      type: service
    version: 1.1.1
  idf:
    source:
      type: idf
    version: 5.4.0
direct_dependencies:
- espressif/cmake_utilities
- idf
manifest_hash: a7a2906c6dc8bab9164ea64c92d5809049b2c7449768aee4fa1d241e43780fc1
target: esp32s3
version: 2.0.0
